
Microsoft Visual Studio Solution File, Format Version 12.00
# Visual Studio Version 17
VisualStudioVersion = 17.5.002.0
MinimumVisualStudioVersion = 10.0.40219.1
Project("{9A19103F-16F7-4668-BE54-9A1E7A4F7556}") = "ahc039", "ahc039.csproj", "{E2B331ED-36FC-434F-91B4-2CC6B24981DB}"
EndProject
Global
	GlobalSection(SolutionConfigurationPlatforms) = preSolution
		Debug|Any CPU = Debug|Any CPU
		Release|Any CPU = Release|Any CPU
	EndGlobalSection
	GlobalSection(ProjectConfigurationPlatforms) = postSolution
		{E2B331ED-36FC-434F-91B4-2CC6B24981DB}.Debug|Any CPU.ActiveCfg = Debug|Any CPU
		{E2B331ED-36FC-434F-91B4-2CC6B24981DB}.Debug|Any CPU.Build.0 = Debug|Any CPU
		{E2B331ED-36FC-434F-91B4-2CC6B24981DB}.Release|Any CPU.ActiveCfg = Release|Any CPU
		{E2B331ED-36FC-434F-91B4-2CC6B24981DB}.Release|Any CPU.Build.0 = Release|Any CPU
	EndGlobalSection
	GlobalSection(SolutionProperties) = preSolution
		HideSolutionNode = FALSE
	EndGlobalSection
	GlobalSection(ExtensibilityGlobals) = postSolution
		SolutionGuid = {94901A8E-A09A-4E7D-A3F6-F75349FACDB2}
	EndGlobalSection
EndGlobal
