
Microsoft Visual Studio Solution File, Format Version 12.00
# Visual Studio Version 17
VisualStudioVersion = 17.5.002.0
MinimumVisualStudioVersion = 10.0.40219.1
Project("{9A19103F-16F7-4668-BE54-9A1E7A4F7556}") = "ahc038", "ahc038.csproj", "{E6169B15-22A5-45EA-92A4-F162326CF34A}"
EndProject
Global
	GlobalSection(SolutionConfigurationPlatforms) = preSolution
		Debug|Any CPU = Debug|Any CPU
		Release|Any CPU = Release|Any CPU
	EndGlobalSection
	GlobalSection(ProjectConfigurationPlatforms) = postSolution
		{E6169B15-22A5-45EA-92A4-F162326CF34A}.Debug|Any CPU.ActiveCfg = Debug|Any CPU
		{E6169B15-22A5-45EA-92A4-F162326CF34A}.Debug|Any CPU.Build.0 = Debug|Any CPU
		{E6169B15-22A5-45EA-92A4-F162326CF34A}.Release|Any CPU.ActiveCfg = Release|Any CPU
		{E6169B15-22A5-45EA-92A4-F162326CF34A}.Release|Any CPU.Build.0 = Release|Any CPU
	EndGlobalSection
	GlobalSection(SolutionProperties) = preSolution
		HideSolutionNode = FALSE
	EndGlobalSection
	GlobalSection(ExtensibilityGlobals) = postSolution
		SolutionGuid = {5C329510-EE74-43BB-8A77-E3FD910594C1}
	EndGlobalSection
EndGlobal
