
Microsoft Visual Studio Solution File, Format Version 12.00
# Visual Studio Version 17
VisualStudioVersion = 17.5.002.0
MinimumVisualStudioVersion = 10.0.40219.1
Project("{9A19103F-16F7-4668-BE54-9A1E7A4F7556}") = "ahc037", "ahc037.csproj", "{FFC46A8B-8BBD-4C73-985F-2F332EE91B20}"
EndProject
Global
	GlobalSection(SolutionConfigurationPlatforms) = preSolution
		Debug|Any CPU = Debug|Any CPU
		Release|Any CPU = Release|Any CPU
	EndGlobalSection
	GlobalSection(ProjectConfigurationPlatforms) = postSolution
		{FFC46A8B-8BBD-4C73-985F-2F332EE91B20}.Debug|Any CPU.ActiveCfg = Debug|Any CPU
		{FFC46A8B-8BBD-4C73-985F-2F332EE91B20}.Debug|Any CPU.Build.0 = Debug|Any CPU
		{FFC46A8B-8BBD-4C73-985F-2F332EE91B20}.Release|Any CPU.ActiveCfg = Release|Any CPU
		{FFC46A8B-8BBD-4C73-985F-2F332EE91B20}.Release|Any CPU.Build.0 = Release|Any CPU
	EndGlobalSection
	GlobalSection(SolutionProperties) = preSolution
		HideSolutionNode = FALSE
	EndGlobalSection
	GlobalSection(ExtensibilityGlobals) = postSolution
		SolutionGuid = {F232F0D6-ACBF-47F1-A439-68BF15F455B8}
	EndGlobalSection
EndGlobal
